schema: '2.0'
stages:
  eda:
    cmd: python src/eda.py
    deps:
    - path: data_raw\BBC News Sample Solution.csv
      md5: 7089774b35a02d6bbfdd7fc7fff47311
      size: 10369
    - path: data_raw\BBC News Train.csv
      md5: 97e496bd04df9a513f8d22793b7fc0f1
      size: 3351206
    outs:
    - path: plots\eda_plot_with_count.png
      md5: d5f0fc135bf76021f1a28e1074d3442a
      size: 26216
    - path: plots\eda_plot_with_frequency.png
      md5: a2b7a68a5213843c9749c2b141dcce93
      size: 40373
    - path: plots\testdata_eda_plot_with_count.png
      md5: f54865c1ce13d49ee965bda9d06b4373
      size: 25656
    - path: plots\testdata_eda_plot_with_frequency.png
      md5: 1f13c2ef19d3bde7f113dee73ea4f6ea
      size: 38445
  feature_engineering:
    cmd: python src/feature_engineering.py
    deps:
    - path: data_raw\BBC News Sample Solution.csv
      md5: 7089774b35a02d6bbfdd7fc7fff47311
      size: 10369
    - path: data_raw\BBC News Test.csv
      md5: 7c29e40896b91c1cc55812d9c9832b32
      size: 1712432
    - path: data_raw\BBC News Train.csv
      md5: 97e496bd04df9a513f8d22793b7fc0f1
      size: 3351206
    - path: src\eda.py
      md5: 0b89fe4b64437d40272a79a0f3f9ada5
      size: 3377
    outs:
    - path: data\processed\X_test.pickle
      md5: 077506b7140c62b3d0609f4b2513723d
      size: 122480560
    - path: data\processed\X_train.pickle
      md5: 091ffe91e3fc348e4a6fea88336ba435
      size: 248293760
    - path: data\processed\tfidf.pickle
      md5: d68bb08cb5d715b3272db6567acf6d1e
      size: 737
    - path: data\processed\y_test.pickle
      md5: 2e85e9b59ae5c9e0d40a516922ac6b27
      size: 6039
    - path: data\processed\y_train.pickle
      md5: ef0f88834d348c19031d0adfa8586920
      size: 12079
    - path: data\test_true.csv
      md5: 60c87b98369035b15b26e6e16ddae757
      size: 14682
    - path: data\train.csv
      md5: 9a458e4aa462212018f3ac4542a24339
      size: 3360539
